<?xml version="1.0" encoding="UTF-8" standalone="yes" ?>
<CodeBlocks_project_file>
	<FileVersion major="1" minor="6" />
	<Project>
		<Option title="BCM_Unit_Testing" />
		<Option pch_mode="2" />
		<Option compiler="gcc" />
		<Build>
			<Target title="Debug">
				<Option output="bin/Debug/BCM_Unit_Testing" prefix_auto="1" extension_auto="1" />
				<Option object_output="obj/Debug/" />
				<Option type="1" />
				<Option compiler="gcc" />
				<Compiler>
					<Add option="-g" />
				</Compiler>
			</Target>
			<Target title="Release">
				<Option output="bin/Release/BCM_Unit_Testing" prefix_auto="1" extension_auto="1" />
				<Option object_output="obj/Release/" />
				<Option type="1" />
				<Option compiler="gcc" />
				<Compiler>
					<Add option="-O2" />
				</Compiler>
				<Linker>
					<Add option="-s" />
				</Linker>
			</Target>
		</Build>
		<Compiler>
			<Add option="-Wall" />
		</Compiler>
		<Unit filename="MCAL/DIO/DIO.c">
			<Option compilerVar="CC" />
		</Unit>
		<Unit filename="MCAL/DIO/DIO.h" />
		<Unit filename="MCAL/DIO/registers.h" />
		<Unit filename="MCAL/SPI/SPI_.c">
			<Option compilerVar="CC" />
		</Unit>
		<Unit filename="MCAL/SPI/SPI_.h" />
		<Unit filename="MCAL/SPI/SPI_Config.h" />
		<Unit filename="MCAL/SPI/gpio.c">
			<Option compilerVar="CC" />
		</Unit>
		<Unit filename="MCAL/SPI/gpio.h" />
		<Unit filename="MCAL/UART/UART.c">
			<Option compilerVar="CC" />
		</Unit>
		<Unit filename="MCAL/UART/UART.h" />
		<Unit filename="MCAL/UART/UART_CFG.c">
			<Option compilerVar="CC" />
		</Unit>
		<Unit filename="MCAL/UART/UART_CFG.h" />
		<Unit filename="SL/BCM/BCM.c">
			<Option compilerVar="CC" />
		</Unit>
		<Unit filename="SL/BCM/BCM.h" />
		<Unit filename="SL/BCM/BCM_CFG.c">
			<Option compilerVar="CC" />
		</Unit>
		<Unit filename="SL/BCM/BCM_CFG.h" />
		<Unit filename="SL/Error_Handeller/ERROR-STORE.c">
			<Option compilerVar="CC" />
		</Unit>
		<Unit filename="SL/Error_Handeller/ERROR-STORE.h" />
		<Unit filename="SL/Error_Handeller/ERROR_STORE_CFG.h" />
		<Unit filename="SL/Error_Handeller/Errors.h" />
		<Unit filename="SL/Utilis/interrupts.h" />
		<Unit filename="SL/Utilis/module_retval.h" />
		<Unit filename="SL/Utilis/std_types.h" />
		<Unit filename="Testing/BCM_unit_Testing.c">
			<Option compilerVar="CC" />
		</Unit>
		<Unit filename="Testing/BCM_unit_Testing.h" />
		<Unit filename="main.c">
			<Option compilerVar="CC" />
		</Unit>
		<Extensions>
			<code_completion />
			<envvars />
			<debugger />
		</Extensions>
	</Project>
</CodeBlocks_project_file>
